
Microsoft Visual Studio Solution File, Format Version 12.00
# Visual Studio Version 16
VisualStudioVersion = 16.0.31624.102
MinimumVisualStudioVersion = 10.0.40219.1
Project("{9A19103F-16F7-4668-BE54-9A1E7A4F7556}") = "KafkaProducer", "KafkaProducer.csproj", "{6206A534-BF2B-4BED-B115-FFBA6BBD4525}"
EndProject
Global
	GlobalSection(SolutionConfigurationPlatforms) = preSolution
		Debug|Any CPU = Debug|Any CPU
		Release|Any CPU = Release|Any CPU
	EndGlobalSection
	GlobalSection(ProjectConfigurationPlatforms) = postSolution
		{6206A534-BF2B-4BED-B115-FFBA6BBD4525}.Debug|Any CPU.ActiveCfg = Debug|Any CPU
		{6206A534-BF2B-4BED-B115-FFBA6BBD4525}.Debug|Any CPU.Build.0 = Debug|Any CPU
		{6206A534-BF2B-4BED-B115-FFBA6BBD4525}.Release|Any CPU.ActiveCfg = Release|Any CPU
		{6206A534-BF2B-4BED-B115-FFBA6BBD4525}.Release|Any CPU.Build.0 = Release|Any CPU
	EndGlobalSection
	GlobalSection(SolutionProperties) = preSolution
		HideSolutionNode = FALSE
	EndGlobalSection
	GlobalSection(ExtensibilityGlobals) = postSolution
		SolutionGuid = {615C6266-B1AF-453F-8F2C-474C444F573A}
	EndGlobalSection
EndGlobal
